// !$*UTF8*$!
{
	archiveVersion = 1;
	classes = {
	};
	objectVersion = 56;
	objects = {

/* Begin PBXBuildFile section */
		E8743A812B4EC57400F7FF08 /* ViewsAndModifiersApp.swift in Sources */ = {isa = PBXBuildFile; fileRef = E8743A802B4EC57400F7FF08 /* ViewsAndModifiersApp.swift */; };
		E8743A832B4EC57400F7FF08 /* ContentView.swift in Sources */ = {isa = PBXBuildFile; fileRef = E8743A822B4EC57400F7FF08 /* ContentView.swift */; };
		E8743A852B4EC57600F7FF08 /* Assets.xcassets in Resources */ = {isa = PBXBuildFile; fileRef = E8743A842B4EC57600F7FF08 /* Assets.xcassets */; };
		E8743A882B4EC57600F7FF08 /* Preview Assets.xcassets in Resources */ = {isa = PBXBuildFile; fileRef = E8743A872B4EC57600F7FF08 /* Preview Assets.xcassets */; };
		E8743A8F2B4F08BB00F7FF08 /* Conditional Modifiers.swift in Sources */ = {isa = PBXBuildFile; fileRef = E8743A8E2B4F08BB00F7FF08 /* Conditional Modifiers.swift */; };
		E8743A912B4F0AAD00F7FF08 /* Environment Modifiers.swift in Sources */ = {isa = PBXBuildFile; fileRef = E8743A902B4F0AAD00F7FF08 /* Environment Modifiers.swift */; };
		E8743A932B4F0DA800F7FF08 /* Views as Properties.swift in Sources */ = {isa = PBXBuildFile; fileRef = E8743A922B4F0DA800F7FF08 /* Views as Properties.swift */; };
		E8743A952B4F134300F7FF08 /* View Composition.swift in Sources */ = {isa = PBXBuildFile; fileRef = E8743A942B4F134300F7FF08 /* View Composition.swift */; };
		E8743A972B5067A300F7FF08 /* Custom Modifiers.swift in Sources */ = {isa = PBXBuildFile; fileRef = E8743A962B5067A300F7FF08 /* Custom Modifiers.swift */; };
		E8743A992B506B8800F7FF08 /* Custom Containers.swift in Sources */ = {isa = PBXBuildFile; fileRef = E8743A982B506B8800F7FF08 /* Custom Containers.swift */; };
		E88CE9182B52C801002E8BF1 /* Challenge 3.swift in Sources */ = {isa = PBXBuildFile; fileRef = E88CE9172B52C801002E8BF1 /* Challenge 3.swift */; };
/* End PBXBuildFile section */

/* Begin PBXFileReference section */
		E8743A7D2B4EC57400F7FF08 /* ViewsAndModifiers.app */ = {isa = PBXFileReference; explicitFileType = wrapper.application; includeInIndex = 0; path = ViewsAndModifiers.app; sourceTree = BUILT_PRODUCTS_DIR; };
		E8743A802B4EC57400F7FF08 /* ViewsAndModifiersApp.swift */ = {isa = PBXFileReference; lastKnownFileType = sourcecode.swift; path = ViewsAndModifiersApp.swift; sourceTree = "<group>"; };
		E8743A822B4EC57400F7FF08 /* ContentView.swift */ = {isa = PBXFileReference; lastKnownFileType = sourcecode.swift; path = ContentView.swift; sourceTree = "<group>"; };
		E8743A842B4EC57600F7FF08 /* Assets.xcassets */ = {isa = PBXFileReference; lastKnownFileType = folder.assetcatalog; path = Assets.xcassets; sourceTree = "<group>"; };
		E8743A872B4EC57600F7FF08 /* Preview Assets.xcassets */ = {isa = PBXFileReference; lastKnownFileType = folder.assetcatalog; path = "Preview Assets.xcassets"; sourceTree = "<group>"; };
		E8743A8E2B4F08BB00F7FF08 /* Conditional Modifiers.swift */ = {isa = PBXFileReference; lastKnownFileType = sourcecode.swift; path = "Conditional Modifiers.swift"; sourceTree = "<group>"; };
		E8743A902B4F0AAD00F7FF08 /* Environment Modifiers.swift */ = {isa = PBXFileReference; lastKnownFileType = sourcecode.swift; path = "Environment Modifiers.swift"; sourceTree = "<group>"; };
		E8743A922B4F0DA800F7FF08 /* Views as Properties.swift */ = {isa = PBXFileReference; lastKnownFileType = sourcecode.swift; path = "Views as Properties.swift"; sourceTree = "<group>"; };
		E8743A942B4F134300F7FF08 /* View Composition.swift */ = {isa = PBXFileReference; lastKnownFileType = sourcecode.swift; path = "View Composition.swift"; sourceTree = "<group>"; };
		E8743A962B5067A300F7FF08 /* Custom Modifiers.swift */ = {isa = PBXFileReference; lastKnownFileType = sourcecode.swift; path = "Custom Modifiers.swift"; sourceTree = "<group>"; };
		E8743A982B506B8800F7FF08 /* Custom Containers.swift */ = {isa = PBXFileReference; lastKnownFileType = sourcecode.swift; path = "Custom Containers.swift"; sourceTree = "<group>"; };
		E88CE9172B52C801002E8BF1 /* Challenge 3.swift */ = {isa = PBXFileReference; lastKnownFileType = sourcecode.swift; path = "Challenge 3.swift"; sourceTree = "<group>"; };
/* End PBXFileReference section */

/* Begin PBXFrameworksBuildPhase section */
		E8743A7A2B4EC57400F7FF08 /* Frameworks */ = {
			isa = PBXFrameworksBuildPhase;
			buildActionMask = 2147483647;
			files = (
			);
			runOnlyForDeploymentPostprocessing = 0;
		};
/* End PBXFrameworksBuildPhase section */

/* Begin PBXGroup section */
		E8743A742B4EC57400F7FF08 = {
			isa = PBXGroup;
			children = (
				E8743A7F2B4EC57400F7FF08 /* ViewsAndModifiers */,
				E8743A7E2B4EC57400F7FF08 /* Products */,
			);
			sourceTree = "<group>";
		};
		E8743A7E2B4EC57400F7FF08 /* Products */ = {
			isa = PBXGroup;
			children = (
				E8743A7D2B4EC57400F7FF08 /* ViewsAndModifiers.app */,
			);
			name = Products;
			sourceTree = "<group>";
		};
		E8743A7F2B4EC57400F7FF08 /* ViewsAndModifiers */ = {
			isa = PBXGroup;
			children = (
				E8743A802B4EC57400F7FF08 /* ViewsAndModifiersApp.swift */,
				E8743A822B4EC57400F7FF08 /* ContentView.swift */,
				E8743A8E2B4F08BB00F7FF08 /* Conditional Modifiers.swift */,
				E8743A902B4F0AAD00F7FF08 /* Environment Modifiers.swift */,
				E8743A922B4F0DA800F7FF08 /* Views as Properties.swift */,
				E8743A942B4F134300F7FF08 /* View Composition.swift */,
				E8743A962B5067A300F7FF08 /* Custom Modifiers.swift */,
				E8743A982B506B8800F7FF08 /* Custom Containers.swift */,
				E88CE9172B52C801002E8BF1 /* Challenge 3.swift */,
				E8743A842B4EC57600F7FF08 /* Assets.xcassets */,
				E8743A862B4EC57600F7FF08 /* Preview Content */,
			);
			path = ViewsAndModifiers;
			sourceTree = "<group>";
		};
		E8743A862B4EC57600F7FF08 /* Preview Content */ = {
			isa = PBXGroup;
			children = (
				E8743A872B4EC57600F7FF08 /* Preview Assets.xcassets */,
			);
			path = "Preview Content";
			sourceTree = "<group>";
		};
/* End PBXGroup section */

/* Begin PBXNativeTarget section */
		E8743A7C2B4EC57400F7FF08 /* ViewsAndModifiers */ = {
			isa = PBXNativeTarget;
			buildConfigurationList = E8743A8B2B4EC57600F7FF08 /* Build configuration list for PBXNativeTarget "ViewsAndModifiers" */;
			buildPhases = (
				E8743A792B4EC57400F7FF08 /* Sources */,
				E8743A7A2B4EC57400F7FF08 /* Frameworks */,
				E8743A7B2B4EC57400F7FF08 /* Resources */,
			);
			buildRules = (
			);
			dependencies = (
			);
			name = ViewsAndModifiers;
			productName = ViewsAndModifiers;
			productReference = E8743A7D2B4EC57400F7FF08 /* ViewsAndModifiers.app */;
			productType = "com.apple.product-type.application";
		};
/* End PBXNativeTarget section */

/* Begin PBXProject section */
		E8743A752B4EC57400F7FF08 /* Project object */ = {
			isa = PBXProject;
			attributes = {
				BuildIndependentTargetsInParallel = 1;
				LastSwiftUpdateCheck = 1520;
				LastUpgradeCheck = 1520;
				TargetAttributes = {
					E8743A7C2B4EC57400F7FF08 = {
						CreatedOnToolsVersion = 15.2;
					};
				};
			};
			buildConfigurationList = E8743A782B4EC57400F7FF08 /* Build configuration list for PBXProject "ViewsAndModifiers" */;
			compatibilityVersion = "Xcode 14.0";
			developmentRegion = en;
			hasScannedForEncodings = 0;
			knownRegions = (
				en,
				Base,
			);
			mainGroup = E8743A742B4EC57400F7FF08;
			productRefGroup = E8743A7E2B4EC57400F7FF08 /* Products */;
			projectDirPath = "";
			projectRoot = "";
			targets = (
				E8743A7C2B4EC57400F7FF08 /* ViewsAndModifiers */,
			);
		};
/* End PBXProject section */

/* Begin PBXResourcesBuildPhase section */
		E8743A7B2B4EC57400F7FF08 /* Resources */ = {
			isa = PBXResourcesBuildPhase;
			buildActionMask = 2147483647;
			files = (
				E8743A882B4EC57600F7FF08 /* Preview Assets.xcassets in Resources */,
				E8743A852B4EC57600F7FF08 /* Assets.xcassets in Resources */,
			);
			runOnlyForDeploymentPostprocessing = 0;
		};
/* End PBXResourcesBuildPhase section */

/* Begin PBXSourcesBuildPhase section */
		E8743A792B4EC57400F7FF08 /* Sources */ = {
			isa = PBXSourcesBuildPhase;
			buildActionMask = 2147483647;
			files = (
				E8743A972B5067A300F7FF08 /* Custom Modifiers.swift in Sources */,
				E8743A832B4EC57400F7FF08 /* ContentView.swift in Sources */,
				E88CE9182B52C801002E8BF1 /* Challenge 3.swift in Sources */,
				E8743A912B4F0AAD00F7FF08 /* Environment Modifiers.swift in Sources */,
				E8743A992B506B8800F7FF08 /* Custom Containers.swift in Sources */,
				E8743A812B4EC57400F7FF08 /* ViewsAndModifiersApp.swift in Sources */,
				E8743A952B4F134300F7FF08 /* View Composition.swift in Sources */,
				E8743A8F2B4F08BB00F7FF08 /* Conditional Modifiers.swift in Sources */,
				E8743A932B4F0DA800F7FF08 /* Views as Properties.swift in Sources */,
			);
			runOnlyForDeploymentPostprocessing = 0;
		};
/* End PBXSourcesBuildPhase section */

/* Begin XCBuildConfiguration section */
		E8743A892B4EC57600F7FF08 /* Debug */ = {
			isa = XCBuildConfiguration;
			buildSettings = {
				ALWAYS_SEARCH_USER_PATHS = NO;
				ASSETCATALOG_COMPILER_GENERATE_SWIFT_ASSET_SYMBOL_EXTENSIONS = YES;
				CLANG_ANALYZER_NONNULL = YES;
				CLANG_ANALYZER_NUMBER_OBJECT_CONVERSION = YES_AGGRESSIVE;
				CLANG_CXX_LANGUAGE_STANDARD = "gnu++20";
				CLANG_ENABLE_MODULES = YES;
				CLANG_ENABLE_OBJC_ARC = YES;
				CLANG_ENABLE_OBJC_WEAK = YES;
				CLANG_WARN_BLOCK_CAPTURE_AUTORELEASING = YES;
				CLANG_WARN_BOOL_CONVERSION = YES;
				CLANG_WARN_COMMA = YES;
				CLANG_WARN_CONSTANT_CONVERSION = YES;
				CLANG_WARN_DEPRECATED_OBJC_IMPLEMENTATIONS = YES;
				CLANG_WARN_DIRECT_OBJC_ISA_USAGE = YES_ERROR;
				CLANG_WARN_DOCUMENTATION_COMMENTS = YES;
				CLANG_WARN_EMPTY_BODY = YES;
				CLANG_WARN_ENUM_CONVERSION = YES;
				CLANG_WARN_INFINITE_RECURSION = YES;
				CLANG_WARN_INT_CONVERSION = YES;
				CLANG_WARN_NON_LITERAL_NULL_CONVERSION = YES;
				CLANG_WARN_OBJC_IMPLICIT_RETAIN_SELF = YES;
				CLANG_WARN_OBJC_LITERAL_CONVERSION = YES;
				CLANG_WARN_OBJC_ROOT_CLASS = YES_ERROR;
				CLANG_WARN_QUOTED_INCLUDE_IN_FRAMEWORK_HEADER = YES;
				CLANG_WARN_RANGE_LOOP_ANALYSIS = YES;
				CLANG_WARN_STRICT_PROTOTYPES = YES;
				CLANG_WARN_SUSPICIOUS_MOVE = YES;
				CLANG_WARN_UNGUARDED_AVAILABILITY = YES_AGGRESSIVE;
				CLANG_WARN_UNREACHABLE_CODE = YES;
				CLANG_WARN__DUPLICATE_METHOD_MATCH = YES;
				COPY_PHASE_STRIP = NO;
				DEBUG_INFORMATION_FORMAT = dwarf;
				ENABLE_STRICT_OBJC_MSGSEND = YES;
				ENABLE_TESTABILITY = YES;
				ENABLE_USER_SCRIPT_SANDBOXING = YES;
				GCC_C_LANGUAGE_STANDARD = gnu17;
				GCC_DYNAMIC_NO_PIC = NO;
				GCC_NO_COMMON_BLOCKS = YES;
				GCC_OPTIMIZATION_LEVEL = 0;
				GCC_PREPROCESSOR_DEFINITIONS = (
					"DEBUG=1",
					"$(inherited)",
				);
				GCC_WARN_64_TO_32_BIT_CONVERSION = YES;
				GCC_WARN_ABOUT_RETURN_TYPE = YES_ERROR;
				GCC_WARN_UNDECLARED_SELECTOR = YES;
				GCC_WARN_UNINITIALIZED_AUTOS = YES_AGGRESSIVE;
				GCC_WARN_UNUSED_FUNCTION = YES;
				GCC_WARN_UNUSED_VARIABLE = YES;
				IPHONEOS_DEPLOYMENT_TARGET = 17.2;
				LOCALIZATION_PREFERS_STRING_CATALOGS = YES;
				MTL_ENABLE_DEBUG_INFO = INCLUDE_SOURCE;
				MTL_FAST_MATH = YES;
				ONLY_ACTIVE_ARCH = YES;
				SDKROOT = iphoneos;
				SWIFT_ACTIVE_COMPILATION_CONDITIONS = "DEBUG $(inherited)";
				SWIFT_OPTIMIZATION_LEVEL = "-Onone";
			};
			name = Debug;
		};
		E8743A8A2B4EC57600F7FF08 /* Release */ = {
			isa = XCBuildConfiguration;
			buildSettings = {
				ALWAYS_SEARCH_USER_PATHS = NO;
				ASSETCATALOG_COMPILER_GENERATE_SWIFT_ASSET_SYMBOL_EXTENSIONS = YES;
				CLANG_ANALYZER_NONNULL = YES;
				CLANG_ANALYZER_NUMBER_OBJECT_CONVERSION = YES_AGGRESSIVE;
				CLANG_CXX_LANGUAGE_STANDARD = "gnu++20";
				CLANG_ENABLE_MODULES = YES;
				CLANG_ENABLE_OBJC_ARC = YES;
				CLANG_ENABLE_OBJC_WEAK = YES;
				CLANG_WARN_BLOCK_CAPTURE_AUTORELEASING = YES;
				CLANG_WARN_BOOL_CONVERSION = YES;
				CLANG_WARN_COMMA = YES;
				CLANG_WARN_CONSTANT_CONVERSION = YES;
				CLANG_WARN_DEPRECATED_OBJC_IMPLEMENTATIONS = YES;
				CLANG_WARN_DIRECT_OBJC_ISA_USAGE = YES_ERROR;
				CLANG_WARN_DOCUMENTATION_COMMENTS = YES;
				CLANG_WARN_EMPTY_BODY = YES;
				CLANG_WARN_ENUM_CONVERSION = YES;
				CLANG_WARN_INFINITE_RECURSION = YES;
				CLANG_WARN_INT_CONVERSION = YES;
				CLANG_WARN_NON_LITERAL_NULL_CONVERSION = YES;
				CLANG_WARN_OBJC_IMPLICIT_RETAIN_SELF = YES;
				CLANG_WARN_OBJC_LITERAL_CONVERSION = YES;
				CLANG_WARN_OBJC_ROOT_CLASS = YES_ERROR;
				CLANG_WARN_QUOTED_INCLUDE_IN_FRAMEWORK_HEADER = YES;
				CLANG_WARN_RANGE_LOOP_ANALYSIS = YES;
				CLANG_WARN_STRICT_PROTOTYPES = YES;
				CLANG_WARN_SUSPICIOUS_MOVE = YES;
				CLANG_WARN_UNGUARDED_AVAILABILITY = YES_AGGRESSIVE;
				CLANG_WARN_UNREACHABLE_CODE = YES;
				CLANG_WARN__DUPLICATE_METHOD_MATCH = YES;
				COPY_PHASE_STRIP = NO;
				DEBUG_INFORMATION_FORMAT = "dwarf-with-dsym";
				ENABLE_NS_ASSERTIONS = NO;
				ENABLE_STRICT_OBJC_MSGSEND = YES;
				ENABLE_USER_SCRIPT_SANDBOXING = YES;
				GCC_C_LANGUAGE_STANDARD = gnu17;
				GCC_NO_COMMON_BLOCKS = YES;
				GCC_WARN_64_TO_32_BIT_CONVERSION = YES;
				GCC_WARN_ABOUT_RETURN_TYPE = YES_ERROR;
				GCC_WARN_UNDECLARED_SELECTOR = YES;
				GCC_WARN_UNINITIALIZED_AUTOS = YES_AGGRESSIVE;
				GCC_WARN_UNUSED_FUNCTION = YES;
				GCC_WARN_UNUSED_VARIABLE = YES;
				IPHONEOS_DEPLOYMENT_TARGET = 17.2;
				LOCALIZATION_PREFERS_STRING_CATALOGS = YES;
				MTL_ENABLE_DEBUG_INFO = NO;
				MTL_FAST_MATH = YES;
				SDKROOT = iphoneos;
				SWIFT_COMPILATION_MODE = wholemodule;
				VALIDATE_PRODUCT = YES;
			};
			name = Release;
		};
		E8743A8C2B4EC57600F7FF08 /* Debug */ = {
			isa = XCBuildConfiguration;
			buildSettings = {
				ASSETCATALOG_COMPILER_APPICON_NAME = AppIcon;
				ASSETCATALOG_COMPILER_GLOBAL_ACCENT_COLOR_NAME = AccentColor;
				CODE_SIGN_STYLE = Automatic;
				CURRENT_PROJECT_VERSION = 1;
				DEVELOPMENT_ASSET_PATHS = "\"ViewsAndModifiers/Preview Content\"";
				DEVELOPMENT_TEAM = 2JH32JTD9X;
				ENABLE_PREVIEWS = YES;
				GENERATE_INFOPLIST_FILE = YES;
				INFOPLIST_KEY_UIApplicationSceneManifest_Generation = YES;
				INFOPLIST_KEY_UIApplicationSupportsIndirectInputEvents = YES;
				INFOPLIST_KEY_UILaunchScreen_Generation = YES;
				INFOPLIST_KEY_UISupportedInterfaceOrientations_iPad = "UIInterfaceOrientationPortrait UIInterfaceOrientationPortraitUpsideDown UIInterfaceOrientationLandscapeLeft UIInterfaceOrientationLandscapeRight";
				INFOPLIST_KEY_UISupportedInterfaceOrientations_iPhone = "UIInterfaceOrientationPortrait UIInterfaceOrientationLandscapeLeft UIInterfaceOrientationLandscapeRight";
				LD_RUNPATH_SEARCH_PATHS = (
					"$(inherited)",
					"@executable_path/Frameworks",
				);
				MARKETING_VERSION = 1.0;
				PRODUCT_BUNDLE_IDENTIFIER = ChiragSharma.ViewsAndModifiers;
				PRODUCT_NAME = "$(TARGET_NAME)";
				SWIFT_EMIT_LOC_STRINGS = YES;
				SWIFT_VERSION = 5.0;
				TARGETED_DEVICE_FAMILY = "1,2";
			};
			name = Debug;
		};
		E8743A8D2B4EC57600F7FF08 /* Release */ = {
			isa = XCBuildConfiguration;
			buildSettings = {
				ASSETCATALOG_COMPILER_APPICON_NAME = AppIcon;
				ASSETCATALOG_COMPILER_GLOBAL_ACCENT_COLOR_NAME = AccentColor;
				CODE_SIGN_STYLE = Automatic;
				CURRENT_PROJECT_VERSION = 1;
				DEVELOPMENT_ASSET_PATHS = "\"ViewsAndModifiers/Preview Content\"";
				DEVELOPMENT_TEAM = 2JH32JTD9X;
				ENABLE_PREVIEWS = YES;
				GENERATE_INFOPLIST_FILE = YES;
				INFOPLIST_KEY_UIApplicationSceneManifest_Generation = YES;
				INFOPLIST_KEY_UIApplicationSupportsIndirectInputEvents = YES;
				INFOPLIST_KEY_UILaunchScreen_Generation = YES;
				INFOPLIST_KEY_UISupportedInterfaceOrientations_iPad = "UIInterfaceOrientationPortrait UIInterfaceOrientationPortraitUpsideDown UIInterfaceOrientationLandscapeLeft UIInterfaceOrientationLandscapeRight";
				INFOPLIST_KEY_UISupportedInterfaceOrientations_iPhone = "UIInterfaceOrientationPortrait UIInterfaceOrientationLandscapeLeft UIInterfaceOrientationLandscapeRight";
				LD_RUNPATH_SEARCH_PATHS = (
					"$(inherited)",
					"@executable_path/Frameworks",
				);
				MARKETING_VERSION = 1.0;
				PRODUCT_BUNDLE_IDENTIFIER = ChiragSharma.ViewsAndModifiers;
				PRODUCT_NAME = "$(TARGET_NAME)";
				SWIFT_EMIT_LOC_STRINGS = YES;
				SWIFT_VERSION = 5.0;
				TARGETED_DEVICE_FAMILY = "1,2";
			};
			name = Release;
		};
/* End XCBuildConfiguration section */

/* Begin XCConfigurationList section */
		E8743A782B4EC57400F7FF08 /* Build configuration list for PBXProject "ViewsAndModifiers" */ = {
			isa = XCConfigurationList;
			buildConfigurations = (
				E8743A892B4EC57600F7FF08 /* Debug */,
				E8743A8A2B4EC57600F7FF08 /* Release */,
			);
			defaultConfigurationIsVisible = 0;
			defaultConfigurationName = Release;
		};
		E8743A8B2B4EC57600F7FF08 /* Build configuration list for PBXNativeTarget "ViewsAndModifiers" */ = {
			isa = XCConfigurationList;
			buildConfigurations = (
				E8743A8C2B4EC57600F7FF08 /* Debug */,
				E8743A8D2B4EC57600F7FF08 /* Release */,
			);
			defaultConfigurationIsVisible = 0;
			defaultConfigurationName = Release;
		};
/* End XCConfigurationList section */
	};
	rootObject = E8743A752B4EC57400F7FF08 /* Project object */;
}
